
Microsoft Visual Studio Solution File, Format Version 12.00
# Visual Studio 15
VisualStudioVersion = 15.0.26730.16
MinimumVisualStudioVersion = 10.0.40219.1
Project("{FAE04EC0-301F-11D3-BF4B-00C04F79EFBC}") = "qr.website", "qr.website\qr.website.csproj", "{E00D29EA-9FDC-47C4-AED6-23678AF5CBDF}"
EndProject
Project("{FAE04EC0-301F-11D3-BF4B-00C04F79EFBC}") = "qr.website.Tests", "qr.website.Tests\qr.website.Tests.csproj", "{07286279-C082-4CEA-8F18-A2525417F8ED}"
EndProject
Project("{FAE04EC0-301F-11D3-BF4B-00C04F79EFBC}") = "qr.service", "qr.service\qr.service.csproj", "{F5F46A20-41DC-4993-9F36-5644A0FC2787}"
EndProject
Global
	GlobalSection(SolutionConfigurationPlatforms) = preSolution
		Debug|Any CPU = Debug|Any CPU
		Release|Any CPU = Release|Any CPU
	EndGlobalSection
	GlobalSection(ProjectConfigurationPlatforms) = postSolution
		{E00D29EA-9FDC-47C4-AED6-23678AF5CBDF}.Debug|Any CPU.ActiveCfg = Debug|Any CPU
		{E00D29EA-9FDC-47C4-AED6-23678AF5CBDF}.Debug|Any CPU.Build.0 = Debug|Any CPU
		{E00D29EA-9FDC-47C4-AED6-23678AF5CBDF}.Release|Any CPU.ActiveCfg = Release|Any CPU
		{E00D29EA-9FDC-47C4-AED6-23678AF5CBDF}.Release|Any CPU.Build.0 = Release|Any CPU
		{07286279-C082-4CEA-8F18-A2525417F8ED}.Debug|Any CPU.ActiveCfg = Debug|Any CPU
		{07286279-C082-4CEA-8F18-A2525417F8ED}.Debug|Any CPU.Build.0 = Debug|Any CPU
		{07286279-C082-4CEA-8F18-A2525417F8ED}.Release|Any CPU.ActiveCfg = Release|Any CPU
		{07286279-C082-4CEA-8F18-A2525417F8ED}.Release|Any CPU.Build.0 = Release|Any CPU
		{F5F46A20-41DC-4993-9F36-5644A0FC2787}.Debug|Any CPU.ActiveCfg = Debug|Any CPU
		{F5F46A20-41DC-4993-9F36-5644A0FC2787}.Debug|Any CPU.Build.0 = Debug|Any CPU
		{F5F46A20-41DC-4993-9F36-5644A0FC2787}.Release|Any CPU.ActiveCfg = Release|Any CPU
		{F5F46A20-41DC-4993-9F36-5644A0FC2787}.Release|Any CPU.Build.0 = Release|Any CPU
	EndGlobalSection
	GlobalSection(SolutionProperties) = preSolution
		HideSolutionNode = FALSE
	EndGlobalSection
	GlobalSection(ExtensibilityGlobals) = postSolution
		SolutionGuid = {3B8F2DB8-07E7-46C0-8EC3-E9FDA19F14FD}
	EndGlobalSection
EndGlobal
